Microsoft Visual Studio Solution File, Format Version 12.00
# Visual Studio Version 17
VisualStudioVersion = 17.5.2.0
MinimumVisualStudioVersion = 10.0.40219.1
Project("{FAE04EC0-301F-11D3-BF4B-00C04F79EFBC}") = "MiPrinter", "MiPrinter.csproj", "{7EF03033-37C9-520B-1683-B8F458E197ED}"
EndProject
Global
	GlobalSection(SolutionConfigurationPlatforms) = preSolution
		Debug|Any CPU = Debug|Any CPU
		Release|Any CPU = Release|Any CPU
	EndGlobalSection
	GlobalSection(ProjectConfigurationPlatforms) = postSolution
		{7EF03033-37C9-520B-1683-B8F458E197ED}.Debug|Any CPU.ActiveCfg = Debug|Any CPU
		{7EF03033-37C9-520B-1683-B8F458E197ED}.Debug|Any CPU.Build.0 = Debug|Any CPU
		{7EF03033-37C9-520B-1683-B8F458E197ED}.Release|Any CPU.ActiveCfg = Release|Any CPU
		{7EF03033-37C9-520B-1683-B8F458E197ED}.Release|Any CPU.Build.0 = Release|Any CPU
	EndGlobalSection
	GlobalSection(SolutionProperties) = preSolution
		HideSolutionNode = FALSE
	EndGlobalSection
	GlobalSection(ExtensibilityGlobals) = postSolution
		SolutionGuid = {39E7604C-4A0C-42D2-8978-5E617C9A0A3F}
	EndGlobalSection
EndGlobal
